// !$*UTF8*$!
{
	archiveVersion = 1;
	classes = {
	};
	objectVersion = 56;
	objects = {

/* Begin PBXBuildFile section */
		BF1D82AB2D9E1A7C004F7DA8 /* AppDelegate.swift in Sources */ = {isa = PBXBuildFile; fileRef = BF1D82AA2D9E1A7C004F7DA8 /* AppDelegate.swift */; };
		BF1D82AD2D9E1A7C004F7DA8 /* SceneDelegate.swift in Sources */ = {isa = PBXBuildFile; fileRef = BF1D82AC2D9E1A7C004F7DA8 /* SceneDelegate.swift */; };
		BF1D82AF2D9E1A7C004F7DA8 /* ViewController.swift in Sources */ = {isa = PBXBuildFile; fileRef = BF1D82AE2D9E1A7C004F7DA8 /* ViewController.swift */; };
		BF1D82B22D9E1A7D004F7DA8 /* Base in Resources */ = {isa = PBXBuildFile; fileRef = BF1D82B12D9E1A7D004F7DA8 /* Base */; };
		BF1D82B42D9E1A7E004F7DA8 /* Assets.xcassets in Resources */ = {isa = PBXBuildFile; fileRef = BF1D82B32D9E1A7E004F7DA8 /* Assets.xcassets */; };
		BF1D82B72D9E1A7E004F7DA8 /* Base in Resources */ = {isa = PBXBuildFile; fileRef = BF1D82B62D9E1A7E004F7DA8 /* Base */; };
		BF1D82C22D9E1A7E004F7DA8 /* HelloIOSTests.swift in Sources */ = {isa = PBXBuildFile; fileRef = BF1D82C12D9E1A7E004F7DA8 /* HelloIOSTests.swift */; };
		BF1D82CC2D9E1A7E004F7DA8 /* HelloIOSUITests.swift in Sources */ = {isa = PBXBuildFile; fileRef = BF1D82CB2D9E1A7E004F7DA8 /* HelloIOSUITests.swift */; };
		BF1D82CE2D9E1A7E004F7DA8 /* HelloIOSUITestsLaunchTests.swift in Sources */ = {isa = PBXBuildFile; fileRef = BF1D82CD2D9E1A7E004F7DA8 /* HelloIOSUITestsLaunchTests.swift */; };
/* End PBXBuildFile section */

/* Begin PBXContainerItemProxy section */
		BF1D82BE2D9E1A7E004F7DA8 /* PBXContainerItemProxy */ = {
			isa = PBXContainerItemProxy;
			containerPortal = BF1D829F2D9E1A7C004F7DA8 /* Project object */;
			proxyType = 1;
			remoteGlobalIDString = BF1D82A62D9E1A7C004F7DA8;
			remoteInfo = HelloIOS;
		};
		BF1D82C82D9E1A7E004F7DA8 /* PBXContainerItemProxy */ = {
			isa = PBXContainerItemProxy;
			containerPortal = BF1D829F2D9E1A7C004F7DA8 /* Project object */;
			proxyType = 1;
			remoteGlobalIDString = BF1D82A62D9E1A7C004F7DA8;
			remoteInfo = HelloIOS;
		};
/* End PBXContainerItemProxy section */

/* Begin PBXFileReference section */
		BF1D82A72D9E1A7C004F7DA8 /* HelloIOS.app */ = {isa = PBXFileReference; explicitFileType = wrapper.application; includeInIndex = 0; path = HelloIOS.app; sourceTree = BUILT_PRODUCTS_DIR; };
		BF1D82AA2D9E1A7C004F7DA8 /* AppDelegate.swift */ = {isa = PBXFileReference; lastKnownFileType = sourcecode.swift; path = AppDelegate.swift; sourceTree = "<group>"; };
		BF1D82AC2D9E1A7C004F7DA8 /* SceneDelegate.swift */ = {isa = PBXFileReference; lastKnownFileType = sourcecode.swift; path = SceneDelegate.swift; sourceTree = "<group>"; };
		BF1D82AE2D9E1A7C004F7DA8 /* ViewController.swift */ = {isa = PBXFileReference; lastKnownFileType = sourcecode.swift; path = ViewController.swift; sourceTree = "<group>"; };
		BF1D82B12D9E1A7D004F7DA8 /* Base */ = {isa = PBXFileReference; lastKnownFileType = file.storyboard; name = Base; path = Base.lproj/Main.storyboard; sourceTree = "<group>"; };
		BF1D82B32D9E1A7E004F7DA8 /* Assets.xcassets */ = {isa = PBXFileReference; lastKnownFileType = folder.assetcatalog; path = Assets.xcassets; sourceTree = "<group>"; };
		BF1D82B62D9E1A7E004F7DA8 /* Base */ = {isa = PBXFileReference; lastKnownFileType = file.storyboard; name = Base; path = Base.lproj/LaunchScreen.storyboard; sourceTree = "<group>"; };
		BF1D82B82D9E1A7E004F7DA8 /* Info.plist */ = {isa = PBXFileReference; lastKnownFileType = text.plist.xml; path = Info.plist; sourceTree = "<group>"; };
		BF1D82BD2D9E1A7E004F7DA8 /* HelloIOSTests.xctest */ = {isa = PBXFileReference; explicitFileType = wrapper.cfbundle; includeInIndex = 0; path = HelloIOSTests.xctest; sourceTree = BUILT_PRODUCTS_DIR; };
		BF1D82C12D9E1A7E004F7DA8 /* HelloIOSTests.swift */ = {isa = PBXFileReference; lastKnownFileType = sourcecode.swift; path = HelloIOSTests.swift; sourceTree = "<group>"; };
		BF1D82C72D9E1A7E004F7DA8 /* HelloIOSUITests.xctest */ = {isa = PBXFileReference; explicitFileType = wrapper.cfbundle; includeInIndex = 0; path = HelloIOSUITests.xctest; sourceTree = BUILT_PRODUCTS_DIR; };
		BF1D82CB2D9E1A7E004F7DA8 /* HelloIOSUITests.swift */ = {isa = PBXFileReference; lastKnownFileType = sourcecode.swift; path = HelloIOSUITests.swift; sourceTree = "<group>"; };
		BF1D82CD2D9E1A7E004F7DA8 /* HelloIOSUITestsLaunchTests.swift */ = {isa = PBXFileReference; lastKnownFileType = sourcecode.swift; path = HelloIOSUITestsLaunchTests.swift; sourceTree = "<group>"; };
/* End PBXFileReference section */

/* Begin PBXFrameworksBuildPhase section */
		BF1D82A42D9E1A7C004F7DA8 /* Frameworks */ = {
			isa = PBXFrameworksBuildPhase;
			buildActionMask = 2147483647;
			files = (
			);
			runOnlyForDeploymentPostprocessing = 0;
		};
		BF1D82BA2D9E1A7E004F7DA8 /* Frameworks */ = {
			isa = PBXFrameworksBuildPhase;
			buildActionMask = 2147483647;
			files = (
			);
			runOnlyForDeploymentPostprocessing = 0;
		};
		BF1D82C42D9E1A7E004F7DA8 /* Frameworks */ = {
			isa = PBXFrameworksBuildPhase;
			buildActionMask = 2147483647;
			files = (
			);
			runOnlyForDeploymentPostprocessing = 0;
		};
/* End PBXFrameworksBuildPhase section */

/* Begin PBXGroup section */
		BF1D829E2D9E1A7C004F7DA8 = {
			isa = PBXGroup;
			children = (
				BF1D82A92D9E1A7C004F7DA8 /* HelloIOS */,
				BF1D82C02D9E1A7E004F7DA8 /* HelloIOSTests */,
				BF1D82CA2D9E1A7E004F7DA8 /* HelloIOSUITests */,
				BF1D82A82D9E1A7C004F7DA8 /* Products */,
			);
			sourceTree = "<group>";
		};
		BF1D82A82D9E1A7C004F7DA8 /* Products */ = {
			isa = PBXGroup;
			children = (
				BF1D82A72D9E1A7C004F7DA8 /* HelloIOS.app */,
				BF1D82BD2D9E1A7E004F7DA8 /* HelloIOSTests.xctest */,
				BF1D82C72D9E1A7E004F7DA8 /* HelloIOSUITests.xctest */,
			);
			name = Products;
			sourceTree = "<group>";
		};
		BF1D82A92D9E1A7C004F7DA8 /* HelloIOS */ = {
			isa = PBXGroup;
			children = (
				BF1D82AA2D9E1A7C004F7DA8 /* AppDelegate.swift */,
				BF1D82AC2D9E1A7C004F7DA8 /* SceneDelegate.swift */,
				BF1D82AE2D9E1A7C004F7DA8 /* ViewController.swift */,
				BF1D82B02D9E1A7D004F7DA8 /* Main.storyboard */,
				BF1D82B32D9E1A7E004F7DA8 /* Assets.xcassets */,
				BF1D82B52D9E1A7E004F7DA8 /* LaunchScreen.storyboard */,
				BF1D82B82D9E1A7E004F7DA8 /* Info.plist */,
			);
			path = HelloIOS;
			sourceTree = "<group>";
		};
		BF1D82C02D9E1A7E004F7DA8 /* HelloIOSTests */ = {
			isa = PBXGroup;
			children = (
				BF1D82C12D9E1A7E004F7DA8 /* HelloIOSTests.swift */,
			);
			path = HelloIOSTests;
			sourceTree = "<group>";
		};
		BF1D82CA2D9E1A7E004F7DA8 /* HelloIOSUITests */ = {
			isa = PBXGroup;
			children = (
				BF1D82CB2D9E1A7E004F7DA8 /* HelloIOSUITests.swift */,
				BF1D82CD2D9E1A7E004F7DA8 /* HelloIOSUITestsLaunchTests.swift */,
			);
			path = HelloIOSUITests;
			sourceTree = "<group>";
		};
/* End PBXGroup section */

/* Begin PBXNativeTarget section */
		BF1D82A62D9E1A7C004F7DA8 /* HelloIOS */ = {
			isa = PBXNativeTarget;
			buildConfigurationList = BF1D82D12D9E1A7E004F7DA8 /* Build configuration list for PBXNativeTarget "HelloIOS" */;
			buildPhases = (
				BF1D82A32D9E1A7C004F7DA8 /* Sources */,
				BF1D82A42D9E1A7C004F7DA8 /* Frameworks */,
				BF1D82A52D9E1A7C004F7DA8 /* Resources */,
			);
			buildRules = (
			);
			dependencies = (
			);
			name = HelloIOS;
			productName = HelloIOS;
			productReference = BF1D82A72D9E1A7C004F7DA8 /* HelloIOS.app */;
			productType = "com.apple.product-type.application";
		};
		BF1D82BC2D9E1A7E004F7DA8 /* HelloIOSTests */ = {
			isa = PBXNativeTarget;
			buildConfigurationList = BF1D82D42D9E1A7E004F7DA8 /* Build configuration list for PBXNativeTarget "HelloIOSTests" */;
			buildPhases = (
				BF1D82B92D9E1A7E004F7DA8 /* Sources */,
				BF1D82BA2D9E1A7E004F7DA8 /* Frameworks */,
				BF1D82BB2D9E1A7E004F7DA8 /* Resources */,
			);
			buildRules = (
			);
			dependencies = (
				BF1D82BF2D9E1A7E004F7DA8 /* PBXTargetDependency */,
			);
			name = HelloIOSTests;
			productName = HelloIOSTests;
			productReference = BF1D82BD2D9E1A7E004F7DA8 /* HelloIOSTests.xctest */;
			productType = "com.apple.product-type.bundle.unit-test";
		};
		BF1D82C62D9E1A7E004F7DA8 /* HelloIOSUITests */ = {
			isa = PBXNativeTarget;
			buildConfigurationList = BF1D82D72D9E1A7E004F7DA8 /* Build configuration list for PBXNativeTarget "HelloIOSUITests" */;
			buildPhases = (
				BF1D82C32D9E1A7E004F7DA8 /* Sources */,
				BF1D82C42D9E1A7E004F7DA8 /* Frameworks */,
				BF1D82C52D9E1A7E004F7DA8 /* Resources */,
			);
			buildRules = (
			);
			dependencies = (
				BF1D82C92D9E1A7E004F7DA8 /* PBXTargetDependency */,
			);
			name = HelloIOSUITests;
			productName = HelloIOSUITests;
			productReference = BF1D82C72D9E1A7E004F7DA8 /* HelloIOSUITests.xctest */;
			productType = "com.apple.product-type.bundle.ui-testing";
		};
/* End PBXNativeTarget section */

/* Begin PBXProject section */
		BF1D829F2D9E1A7C004F7DA8 /* Project object */ = {
			isa = PBXProject;
			attributes = {
				BuildIndependentTargetsInParallel = 1;
				LastSwiftUpdateCheck = 1540;
				LastUpgradeCheck = 1540;
				TargetAttributes = {
					BF1D82A62D9E1A7C004F7DA8 = {
						CreatedOnToolsVersion = 15.4;
					};
					BF1D82BC2D9E1A7E004F7DA8 = {
						CreatedOnToolsVersion = 15.4;
						TestTargetID = BF1D82A62D9E1A7C004F7DA8;
					};
					BF1D82C62D9E1A7E004F7DA8 = {
						CreatedOnToolsVersion = 15.4;
						TestTargetID = BF1D82A62D9E1A7C004F7DA8;
					};
				};
			};
			buildConfigurationList = BF1D82A22D9E1A7C004F7DA8 /* Build configuration list for PBXProject "HelloIOS" */;
			compatibilityVersion = "Xcode 14.0";
			developmentRegion = en;
			hasScannedForEncodings = 0;
			knownRegions = (
				en,
				Base,
			);
			mainGroup = BF1D829E2D9E1A7C004F7DA8;
			productRefGroup = BF1D82A82D9E1A7C004F7DA8 /* Products */;
			projectDirPath = "";
			projectRoot = "";
			targets = (
				BF1D82A62D9E1A7C004F7DA8 /* HelloIOS */,
				BF1D82BC2D9E1A7E004F7DA8 /* HelloIOSTests */,
				BF1D82C62D9E1A7E004F7DA8 /* HelloIOSUITests */,
			);
		};
/* End PBXProject section */

/* Begin PBXResourcesBuildPhase section */
		BF1D82A52D9E1A7C004F7DA8 /* Resources */ = {
			isa = PBXResourcesBuildPhase;
			buildActionMask = 2147483647;
			files = (
				BF1D82B42D9E1A7E004F7DA8 /* Assets.xcassets in Resources */,
				BF1D82B72D9E1A7E004F7DA8 /* Base in Resources */,
				BF1D82B22D9E1A7D004F7DA8 /* Base in Resources */,
			);
			runOnlyForDeploymentPostprocessing = 0;
		};
		BF1D82BB2D9E1A7E004F7DA8 /* Resources */ = {
			isa = PBXResourcesBuildPhase;
			buildActionMask = 2147483647;
			files = (
			);
			runOnlyForDeploymentPostprocessing = 0;
		};
		BF1D82C52D9E1A7E004F7DA8 /* Resources */ = {
			isa = PBXResourcesBuildPhase;
			buildActionMask = 2147483647;
			files = (
			);
			runOnlyForDeploymentPostprocessing = 0;
		};
/* End PBXResourcesBuildPhase section */

/* Begin PBXSourcesBuildPhase section */
		BF1D82A32D9E1A7C004F7DA8 /* Sources */ = {
			isa = PBXSourcesBuildPhase;
			buildActionMask = 2147483647;
			files = (
				BF1D82AF2D9E1A7C004F7DA8 /* ViewController.swift in Sources */,
				BF1D82AB2D9E1A7C004F7DA8 /* AppDelegate.swift in Sources */,
				BF1D82AD2D9E1A7C004F7DA8 /* SceneDelegate.swift in Sources */,
			);
			runOnlyForDeploymentPostprocessing = 0;
		};
		BF1D82B92D9E1A7E004F7DA8 /* Sources */ = {
			isa = PBXSourcesBuildPhase;
			buildActionMask = 2147483647;
			files = (
				BF1D82C22D9E1A7E004F7DA8 /* HelloIOSTests.swift in Sources */,
			);
			runOnlyForDeploymentPostprocessing = 0;
		};
		BF1D82C32D9E1A7E004F7DA8 /* Sources */ = {
			isa = PBXSourcesBuildPhase;
			buildActionMask = 2147483647;
			files = (
				BF1D82CE2D9E1A7E004F7DA8 /* HelloIOSUITestsLaunchTests.swift in Sources */,
				BF1D82CC2D9E1A7E004F7DA8 /* HelloIOSUITests.swift in Sources */,
			);
			runOnlyForDeploymentPostprocessing = 0;
		};
/* End PBXSourcesBuildPhase section */

/* Begin PBXTargetDependency section */
		BF1D82BF2D9E1A7E004F7DA8 /* PBXTargetDependency */ = {
			isa = PBXTargetDependency;
			target = BF1D82A62D9E1A7C004F7DA8 /* HelloIOS */;
			targetProxy = BF1D82BE2D9E1A7E004F7DA8 /* PBXContainerItemProxy */;
		};
		BF1D82C92D9E1A7E004F7DA8 /* PBXTargetDependency */ = {
			isa = PBXTargetDependency;
			target = BF1D82A62D9E1A7C004F7DA8 /* HelloIOS */;
			targetProxy = BF1D82C82D9E1A7E004F7DA8 /* PBXContainerItemProxy */;
		};
/* End PBXTargetDependency section */

/* Begin PBXVariantGroup section */
		BF1D82B02D9E1A7D004F7DA8 /* Main.storyboard */ = {
			isa = PBXVariantGroup;
			children = (
				BF1D82B12D9E1A7D004F7DA8 /* Base */,
			);
			name = Main.storyboard;
			sourceTree = "<group>";
		};
		BF1D82B52D9E1A7E004F7DA8 /* LaunchScreen.storyboard */ = {
			isa = PBXVariantGroup;
			children = (
				BF1D82B62D9E1A7E004F7DA8 /* Base */,
			);
			name = LaunchScreen.storyboard;
			sourceTree = "<group>";
		};
/* End PBXVariantGroup section */

/* Begin XCBuildConfiguration section */
		BF1D82CF2D9E1A7E004F7DA8 /* Debug */ = {
			isa = XCBuildConfiguration;
			buildSettings = {
				ALWAYS_SEARCH_USER_PATHS = NO;
				ASSETCATALOG_COMPILER_GENERATE_SWIFT_ASSET_SYMBOL_EXTENSIONS = YES;
				CLANG_ANALYZER_NONNULL = YES;
				CLANG_ANALYZER_NUMBER_OBJECT_CONVERSION = YES_AGGRESSIVE;
				CLANG_CXX_LANGUAGE_STANDARD = "gnu++20";
				CLANG_ENABLE_MODULES = YES;
				CLANG_ENABLE_OBJC_ARC = YES;
				CLANG_ENABLE_OBJC_WEAK = YES;
				CLANG_WARN_BLOCK_CAPTURE_AUTORELEASING = YES;
				CLANG_WARN_BOOL_CONVERSION = YES;
				CLANG_WARN_COMMA = YES;
				CLANG_WARN_CONSTANT_CONVERSION = YES;
				CLANG_WARN_DEPRECATED_OBJC_IMPLEMENTATIONS = YES;
				CLANG_WARN_DIRECT_OBJC_ISA_USAGE = YES_ERROR;
				CLANG_WARN_DOCUMENTATION_COMMENTS = YES;
				CLANG_WARN_EMPTY_BODY = YES;
				CLANG_WARN_ENUM_CONVERSION = YES;
				CLANG_WARN_INFINITE_RECURSION = YES;
				CLANG_WARN_INT_CONVERSION = YES;
				CLANG_WARN_NON_LITERAL_NULL_CONVERSION = YES;
				CLANG_WARN_OBJC_IMPLICIT_RETAIN_SELF = YES;
				CLANG_WARN_OBJC_LITERAL_CONVERSION = YES;
				CLANG_WARN_OBJC_ROOT_CLASS = YES_ERROR;
				CLANG_WARN_QUOTED_INCLUDE_IN_FRAMEWORK_HEADER = YES;
				CLANG_WARN_RANGE_LOOP_ANALYSIS = YES;
				CLANG_WARN_STRICT_PROTOTYPES = YES;
				CLANG_WARN_SUSPICIOUS_MOVE = YES;
				CLANG_WARN_UNGUARDED_AVAILABILITY = YES_AGGRESSIVE;
				CLANG_WARN_UNREACHABLE_CODE = YES;
				CLANG_WARN__DUPLICATE_METHOD_MATCH = YES;
				COPY_PHASE_STRIP = NO;
				DEBUG_INFORMATION_FORMAT = dwarf;
				ENABLE_STRICT_OBJC_MSGSEND = YES;
				ENABLE_TESTABILITY = YES;
				ENABLE_USER_SCRIPT_SANDBOXING = YES;
				GCC_C_LANGUAGE_STANDARD = gnu17;
				GCC_DYNAMIC_NO_PIC = NO;
				GCC_NO_COMMON_BLOCKS = YES;
				GCC_OPTIMIZATION_LEVEL = 0;
				GCC_PREPROCESSOR_DEFINITIONS = (
					"DEBUG=1",
					"$(inherited)",
				);
				GCC_WARN_64_TO_32_BIT_CONVERSION = YES;
				GCC_WARN_ABOUT_RETURN_TYPE = YES_ERROR;
				GCC_WARN_UNDECLARED_SELECTOR = YES;
				GCC_WARN_UNINITIALIZED_AUTOS = YES_AGGRESSIVE;
				GCC_WARN_UNUSED_FUNCTION = YES;
				GCC_WARN_UNUSED_VARIABLE = YES;
				IPHONEOS_DEPLOYMENT_TARGET = 17.5;
				LOCALIZATION_PREFERS_STRING_CATALOGS = YES;
				MTL_ENABLE_DEBUG_INFO = INCLUDE_SOURCE;
				MTL_FAST_MATH = YES;
				ONLY_ACTIVE_ARCH = YES;
				SDKROOT = iphoneos;
				SWIFT_ACTIVE_COMPILATION_CONDITIONS = "DEBUG $(inherited)";
				SWIFT_OPTIMIZATION_LEVEL = "-Onone";
			};
			name = Debug;
		};
		BF1D82D02D9E1A7E004F7DA8 /* Release */ = {
			isa = XCBuildConfiguration;
			buildSettings = {
				ALWAYS_SEARCH_USER_PATHS = NO;
				ASSETCATALOG_COMPILER_GENERATE_SWIFT_ASSET_SYMBOL_EXTENSIONS = YES;
				CLANG_ANALYZER_NONNULL = YES;
				CLANG_ANALYZER_NUMBER_OBJECT_CONVERSION = YES_AGGRESSIVE;
				CLANG_CXX_LANGUAGE_STANDARD = "gnu++20";
				CLANG_ENABLE_MODULES = YES;
				CLANG_ENABLE_OBJC_ARC = YES;
				CLANG_ENABLE_OBJC_WEAK = YES;
				CLANG_WARN_BLOCK_CAPTURE_AUTORELEASING = YES;
				CLANG_WARN_BOOL_CONVERSION = YES;
				CLANG_WARN_COMMA = YES;
				CLANG_WARN_CONSTANT_CONVERSION = YES;
				CLANG_WARN_DEPRECATED_OBJC_IMPLEMENTATIONS = YES;
				CLANG_WARN_DIRECT_OBJC_ISA_USAGE = YES_ERROR;
				CLANG_WARN_DOCUMENTATION_COMMENTS = YES;
				CLANG_WARN_EMPTY_BODY = YES;
				CLANG_WARN_ENUM_CONVERSION = YES;
				CLANG_WARN_INFINITE_RECURSION = YES;
				CLANG_WARN_INT_CONVERSION = YES;
				CLANG_WARN_NON_LITERAL_NULL_CONVERSION = YES;
				CLANG_WARN_OBJC_IMPLICIT_RETAIN_SELF = YES;
				CLANG_WARN_OBJC_LITERAL_CONVERSION = YES;
				CLANG_WARN_OBJC_ROOT_CLASS = YES_ERROR;
				CLANG_WARN_QUOTED_INCLUDE_IN_FRAMEWORK_HEADER = YES;
				CLANG_WARN_RANGE_LOOP_ANALYSIS = YES;
				CLANG_WARN_STRICT_PROTOTYPES = YES;
				CLANG_WARN_SUSPICIOUS_MOVE = YES;
				CLANG_WARN_UNGUARDED_AVAILABILITY = YES_AGGRESSIVE;
				CLANG_WARN_UNREACHABLE_CODE = YES;
				CLANG_WARN__DUPLICATE_METHOD_MATCH = YES;
				COPY_PHASE_STRIP = NO;
				DEBUG_INFORMATION_FORMAT = "dwarf-with-dsym";
				ENABLE_NS_ASSERTIONS = NO;
				ENABLE_STRICT_OBJC_MSGSEND = YES;
				ENABLE_USER_SCRIPT_SANDBOXING = YES;
				GCC_C_LANGUAGE_STANDARD = gnu17;
				GCC_NO_COMMON_BLOCKS = YES;
				GCC_WARN_64_TO_32_BIT_CONVERSION = YES;
				GCC_WARN_ABOUT_RETURN_TYPE = YES_ERROR;
				GCC_WARN_UNDECLARED_SELECTOR = YES;
				GCC_WARN_UNINITIALIZED_AUTOS = YES_AGGRESSIVE;
				GCC_WARN_UNUSED_FUNCTION = YES;
				GCC_WARN_UNUSED_VARIABLE = YES;
				IPHONEOS_DEPLOYMENT_TARGET = 17.5;
				LOCALIZATION_PREFERS_STRING_CATALOGS = YES;
				MTL_ENABLE_DEBUG_INFO = NO;
				MTL_FAST_MATH = YES;
				SDKROOT = iphoneos;
				SWIFT_COMPILATION_MODE = wholemodule;
				VALIDATE_PRODUCT = YES;
			};
			name = Release;
		};
		BF1D82D22D9E1A7E004F7DA8 /* Debug */ = {
			isa = XCBuildConfiguration;
			buildSettings = {
				ASSETCATALOG_COMPILER_APPICON_NAME = AppIcon;
				ASSETCATALOG_COMPILER_GLOBAL_ACCENT_COLOR_NAME = AccentColor;
				CODE_SIGN_STYLE = Automatic;
				CURRENT_PROJECT_VERSION = 1;
				GENERATE_INFOPLIST_FILE = YES;
				INFOPLIST_FILE = HelloIOS/Info.plist;
				INFOPLIST_KEY_UIApplicationSupportsIndirectInputEvents = YES;
				INFOPLIST_KEY_UILaunchStoryboardName = LaunchScreen;
				INFOPLIST_KEY_UIMainStoryboardFile = Main;
				INFOPLIST_KEY_UISupportedInterfaceOrientations_iPad = "UIInterfaceOrientationPortrait UIInterfaceOrientationPortraitUpsideDown UIInterfaceOrientationLandscapeLeft UIInterfaceOrientationLandscapeRight";
				INFOPLIST_KEY_UISupportedInterfaceOrientations_iPhone = "UIInterfaceOrientationPortrait UIInterfaceOrientationLandscapeLeft UIInterfaceOrientationLandscapeRight";
				LD_RUNPATH_SEARCH_PATHS = (
					"$(inherited)",
					"@executable_path/Frameworks",
				);
				MARKETING_VERSION = 1.0;
				PRODUCT_BUNDLE_IDENTIFIER = edu.uw.ischool.awu8.HelloIOS;
				PRODUCT_NAME = "$(TARGET_NAME)";
				SWIFT_EMIT_LOC_STRINGS = YES;
				SWIFT_VERSION = 5.0;
				TARGETED_DEVICE_FAMILY = "1,2";
			};
			name = Debug;
		};
		BF1D82D32D9E1A7E004F7DA8 /* Release */ = {
			isa = XCBuildConfiguration;
			buildSettings = {
				ASSETCATALOG_COMPILER_APPICON_NAME = AppIcon;
				ASSETCATALOG_COMPILER_GLOBAL_ACCENT_COLOR_NAME = AccentColor;
				CODE_SIGN_STYLE = Automatic;
				CURRENT_PROJECT_VERSION = 1;
				GENERATE_INFOPLIST_FILE = YES;
				INFOPLIST_FILE = HelloIOS/Info.plist;
				INFOPLIST_KEY_UIApplicationSupportsIndirectInputEvents = YES;
				INFOPLIST_KEY_UILaunchStoryboardName = LaunchScreen;
				INFOPLIST_KEY_UIMainStoryboardFile = Main;
				INFOPLIST_KEY_UISupportedInterfaceOrientations_iPad = "UIInterfaceOrientationPortrait UIInterfaceOrientationPortraitUpsideDown UIInterfaceOrientationLandscapeLeft UIInterfaceOrientationLandscapeRight";
				INFOPLIST_KEY_UISupportedInterfaceOrientations_iPhone = "UIInterfaceOrientationPortrait UIInterfaceOrientationLandscapeLeft UIInterfaceOrientationLandscapeRight";
				LD_RUNPATH_SEARCH_PATHS = (
					"$(inherited)",
					"@executable_path/Frameworks",
				);
				MARKETING_VERSION = 1.0;
				PRODUCT_BUNDLE_IDENTIFIER = edu.uw.ischool.awu8.HelloIOS;
				PRODUCT_NAME = "$(TARGET_NAME)";
				SWIFT_EMIT_LOC_STRINGS = YES;
				SWIFT_VERSION = 5.0;
				TARGETED_DEVICE_FAMILY = "1,2";
			};
			name = Release;
		};
		BF1D82D52D9E1A7E004F7DA8 /* Debug */ = {
			isa = XCBuildConfiguration;
			buildSettings = {
				ALWAYS_EMBED_SWIFT_STANDARD_LIBRARIES = YES;
				BUNDLE_LOADER = "$(TEST_HOST)";
				CODE_SIGN_STYLE = Automatic;
				CURRENT_PROJECT_VERSION = 1;
				GENERATE_INFOPLIST_FILE = YES;
				IPHONEOS_DEPLOYMENT_TARGET = 17.5;
				MARKETING_VERSION = 1.0;
				PRODUCT_BUNDLE_IDENTIFIER = edu.uw.ischool.awu8.HelloIOSTests;
				PRODUCT_NAME = "$(TARGET_NAME)";
				SWIFT_EMIT_LOC_STRINGS = NO;
				SWIFT_VERSION = 5.0;
				TARGETED_DEVICE_FAMILY = "1,2";
				TEST_HOST = "$(BUILT_PRODUCTS_DIR)/HelloIOS.app/$(BUNDLE_EXECUTABLE_FOLDER_PATH)/HelloIOS";
			};
			name = Debug;
		};
		BF1D82D62D9E1A7E004F7DA8 /* Release */ = {
			isa = XCBuildConfiguration;
			buildSettings = {
				ALWAYS_EMBED_SWIFT_STANDARD_LIBRARIES = YES;
				BUNDLE_LOADER = "$(TEST_HOST)";
				CODE_SIGN_STYLE = Automatic;
				CURRENT_PROJECT_VERSION = 1;
				GENERATE_INFOPLIST_FILE = YES;
				IPHONEOS_DEPLOYMENT_TARGET = 17.5;
				MARKETING_VERSION = 1.0;
				PRODUCT_BUNDLE_IDENTIFIER = edu.uw.ischool.awu8.HelloIOSTests;
				PRODUCT_NAME = "$(TARGET_NAME)";
				SWIFT_EMIT_LOC_STRINGS = NO;
				SWIFT_VERSION = 5.0;
				TARGETED_DEVICE_FAMILY = "1,2";
				TEST_HOST = "$(BUILT_PRODUCTS_DIR)/HelloIOS.app/$(BUNDLE_EXECUTABLE_FOLDER_PATH)/HelloIOS";
			};
			name = Release;
		};
		BF1D82D82D9E1A7E004F7DA8 /* Debug */ = {
			isa = XCBuildConfiguration;
			buildSettings = {
				ALWAYS_EMBED_SWIFT_STANDARD_LIBRARIES = YES;
				CODE_SIGN_STYLE = Automatic;
				CURRENT_PROJECT_VERSION = 1;
				GENERATE_INFOPLIST_FILE = YES;
				MARKETING_VERSION = 1.0;
				PRODUCT_BUNDLE_IDENTIFIER = edu.uw.ischool.awu8.HelloIOSUITests;
				PRODUCT_NAME = "$(TARGET_NAME)";
				SWIFT_EMIT_LOC_STRINGS = NO;
				SWIFT_VERSION = 5.0;
				TARGETED_DEVICE_FAMILY = "1,2";
				TEST_TARGET_NAME = HelloIOS;
			};
			name = Debug;
		};
		BF1D82D92D9E1A7E004F7DA8 /* Release */ = {
			isa = XCBuildConfiguration;
			buildSettings = {
				ALWAYS_EMBED_SWIFT_STANDARD_LIBRARIES = YES;
				CODE_SIGN_STYLE = Automatic;
				CURRENT_PROJECT_VERSION = 1;
				GENERATE_INFOPLIST_FILE = YES;
				MARKETING_VERSION = 1.0;
				PRODUCT_BUNDLE_IDENTIFIER = edu.uw.ischool.awu8.HelloIOSUITests;
				PRODUCT_NAME = "$(TARGET_NAME)";
				SWIFT_EMIT_LOC_STRINGS = NO;
				SWIFT_VERSION = 5.0;
				TARGETED_DEVICE_FAMILY = "1,2";
				TEST_TARGET_NAME = HelloIOS;
			};
			name = Release;
		};
/* End XCBuildConfiguration section */

/* Begin XCConfigurationList section */
		BF1D82A22D9E1A7C004F7DA8 /* Build configuration list for PBXProject "HelloIOS" */ = {
			isa = XCConfigurationList;
			buildConfigurations = (
				BF1D82CF2D9E1A7E004F7DA8 /* Debug */,
				BF1D82D02D9E1A7E004F7DA8 /* Release */,
			);
			defaultConfigurationIsVisible = 0;
			defaultConfigurationName = Release;
		};
		BF1D82D12D9E1A7E004F7DA8 /* Build configuration list for PBXNativeTarget "HelloIOS" */ = {
			isa = XCConfigurationList;
			buildConfigurations = (
				BF1D82D22D9E1A7E004F7DA8 /* Debug */,
				BF1D82D32D9E1A7E004F7DA8 /* Release */,
			);
			defaultConfigurationIsVisible = 0;
			defaultConfigurationName = Release;
		};
		BF1D82D42D9E1A7E004F7DA8 /* Build configuration list for PBXNativeTarget "HelloIOSTests" */ = {
			isa = XCConfigurationList;
			buildConfigurations = (
				BF1D82D52D9E1A7E004F7DA8 /* Debug */,
				BF1D82D62D9E1A7E004F7DA8 /* Release */,
			);
			defaultConfigurationIsVisible = 0;
			defaultConfigurationName = Release;
		};
		BF1D82D72D9E1A7E004F7DA8 /* Build configuration list for PBXNativeTarget "HelloIOSUITests" */ = {
			isa = XCConfigurationList;
			buildConfigurations = (
				BF1D82D82D9E1A7E004F7DA8 /* Debug */,
				BF1D82D92D9E1A7E004F7DA8 /* Release */,
			);
			defaultConfigurationIsVisible = 0;
			defaultConfigurationName = Release;
		};
/* End XCConfigurationList section */
	};
	rootObject = BF1D829F2D9E1A7C004F7DA8 /* Project object */;
}
